
Microsoft Visual Studio Solution File, Format Version 12.00
# Visual Studio Version 16
VisualStudioVersion = 16.0.31424.327
MinimumVisualStudioVersion = 10.0.40219.1
Project("{8BC9CEB8-8B4A-11D0-8D11-00A0C91BC942}") = "1158_circleDelete", "1158_circleDelete.vcxproj", "{D7400AC8-54E7-4892-8E41-ADFEA033AACC}"
EndProject
Global
	GlobalSection(SolutionConfigurationPlatforms) = preSolution
		Debug|x64 = Debug|x64
		Debug|x86 = Debug|x86
		Release|x64 = Release|x64
		Release|x86 = Release|x86
	EndGlobalSection
	GlobalSection(ProjectConfigurationPlatforms) = postSolution
		{D7400AC8-54E7-4892-8E41-ADFEA033AACC}.Debug|x64.ActiveCfg = Debug|x64
		{D7400AC8-54E7-4892-8E41-ADFEA033AACC}.Debug|x64.Build.0 = Debug|x64
		{D7400AC8-54E7-4892-8E41-ADFEA033AACC}.Debug|x86.ActiveCfg = Debug|Win32
		{D7400AC8-54E7-4892-8E41-ADFEA033AACC}.Debug|x86.Build.0 = Debug|Win32
		{D7400AC8-54E7-4892-8E41-ADFEA033AACC}.Release|x64.ActiveCfg = Release|x64
		{D7400AC8-54E7-4892-8E41-ADFEA033AACC}.Release|x64.Build.0 = Release|x64
		{D7400AC8-54E7-4892-8E41-ADFEA033AACC}.Release|x86.ActiveCfg = Release|Win32
		{D7400AC8-54E7-4892-8E41-ADFEA033AACC}.Release|x86.Build.0 = Release|Win32
	EndGlobalSection
	GlobalSection(SolutionProperties) = preSolution
		HideSolutionNode = FALSE
	EndGlobalSection
	GlobalSection(ExtensibilityGlobals) = postSolution
		SolutionGuid = {73AE1B57-4A6A-45C1-9CB5-4C8285C9AD5E}
	EndGlobalSection
EndGlobal
